
Microsoft Visual Studio Solution File, Format Version 12.00
# Visual Studio Version 16
VisualStudioVersion = 16.0.30503.244
MinimumVisualStudioVersion = 10.0.40219.1
Project("{FAE04EC0-301F-11D3-BF4B-00C04F79EFBC}") = "Indie Quest", "Indie Quest\Indie Quest.csproj", "{49986223-3385-4B0C-9C7E-E6B72B96B595}"
EndProject
Global
	GlobalSection(SolutionConfigurationPlatforms) = preSolution
		Debug|Any CPU = Debug|Any CPU
		Release|Any CPU = Release|Any CPU
	EndGlobalSection
	GlobalSection(ProjectConfigurationPlatforms) = postSolution
		{49986223-3385-4B0C-9C7E-E6B72B96B595}.Debug|Any CPU.ActiveCfg = Debug|Any CPU
		{49986223-3385-4B0C-9C7E-E6B72B96B595}.Debug|Any CPU.Build.0 = Debug|Any CPU
		{49986223-3385-4B0C-9C7E-E6B72B96B595}.Release|Any CPU.ActiveCfg = Release|Any CPU
		{49986223-3385-4B0C-9C7E-E6B72B96B595}.Release|Any CPU.Build.0 = Release|Any CPU
	EndGlobalSection
	GlobalSection(SolutionProperties) = preSolution
		HideSolutionNode = FALSE
	EndGlobalSection
	GlobalSection(ExtensibilityGlobals) = postSolution
		SolutionGuid = {28D85782-8BEF-478B-91E9-22E8A1E13417}
	EndGlobalSection
EndGlobal
