
Microsoft Visual Studio Solution File, Format Version 12.00
# Visual Studio Version 16
VisualStudioVersion = 16.0.30503.244
MinimumVisualStudioVersion = 10.0.40219.1
Project("{FAE04EC0-301F-11D3-BF4B-00C04F79EFBC}") = "City", "City\City.csproj", "{EABF116B-85A8-4668-A5A3-B0B2FC9E0AE1}"
EndProject
Global
	GlobalSection(SolutionConfigurationPlatforms) = preSolution
		Debug|Any CPU = Debug|Any CPU
		Release|Any CPU = Release|Any CPU
	EndGlobalSection
	GlobalSection(ProjectConfigurationPlatforms) = postSolution
		{EABF116B-85A8-4668-A5A3-B0B2FC9E0AE1}.Debug|Any CPU.ActiveCfg = Debug|Any CPU
		{EABF116B-85A8-4668-A5A3-B0B2FC9E0AE1}.Debug|Any CPU.Build.0 = Debug|Any CPU
		{EABF116B-85A8-4668-A5A3-B0B2FC9E0AE1}.Release|Any CPU.ActiveCfg = Release|Any CPU
		{EABF116B-85A8-4668-A5A3-B0B2FC9E0AE1}.Release|Any CPU.Build.0 = Release|Any CPU
	EndGlobalSection
	GlobalSection(SolutionProperties) = preSolution
		HideSolutionNode = FALSE
	EndGlobalSection
	GlobalSection(ExtensibilityGlobals) = postSolution
		SolutionGuid = {FF82833C-6B09-43F6-AD1D-0F26A63BB673}
	EndGlobalSection
EndGlobal
